
Microsoft Visual Studio Solution File, Format Version 12.00
# Visual Studio 15
VisualStudioVersion = 15.0.27703.2026
MinimumVisualStudioVersion = 10.0.40219.1
Project("{8BC9CEB8-8B4A-11D0-8D11-00A0C91BC942}") = "game-bulls_and_cows", "game-bulls_and_cows\game-bulls_and_cows.vcxproj", "{FAF7A5F6-9F6C-49F3-B3E4-CD9CAF6F48AE}"
EndProject
Global
	GlobalSection(SolutionConfigurationPlatforms) = preSolution
		Debug|x64 = Debug|x64
		Debug|x86 = Debug|x86
		Release|x64 = Release|x64
		Release|x86 = Release|x86
	EndGlobalSection
	GlobalSection(ProjectConfigurationPlatforms) = postSolution
		{FAF7A5F6-9F6C-49F3-B3E4-CD9CAF6F48AE}.Debug|x64.ActiveCfg = Debug|x64
		{FAF7A5F6-9F6C-49F3-B3E4-CD9CAF6F48AE}.Debug|x64.Build.0 = Debug|x64
		{FAF7A5F6-9F6C-49F3-B3E4-CD9CAF6F48AE}.Debug|x86.ActiveCfg = Debug|Win32
		{FAF7A5F6-9F6C-49F3-B3E4-CD9CAF6F48AE}.Debug|x86.Build.0 = Debug|Win32
		{FAF7A5F6-9F6C-49F3-B3E4-CD9CAF6F48AE}.Release|x64.ActiveCfg = Release|x64
		{FAF7A5F6-9F6C-49F3-B3E4-CD9CAF6F48AE}.Release|x64.Build.0 = Release|x64
		{FAF7A5F6-9F6C-49F3-B3E4-CD9CAF6F48AE}.Release|x86.ActiveCfg = Release|x64
		{FAF7A5F6-9F6C-49F3-B3E4-CD9CAF6F48AE}.Release|x86.Build.0 = Release|x64
	EndGlobalSection
	GlobalSection(SolutionProperties) = preSolution
		HideSolutionNode = FALSE
	EndGlobalSection
	GlobalSection(ExtensibilityGlobals) = postSolution
		SolutionGuid = {2B240DE3-47BB-4B8D-942E-C5F3FB3798EC}
	EndGlobalSection
EndGlobal
